
Microsoft Visual Studio Solution File, Format Version 12.00
# Visual Studio 15
VisualStudioVersion = 15.0.26403.7
MinimumVisualStudioVersion = 10.0.40219.1
Project("{FAE04EC0-301F-11D3-BF4B-00C04F79EFBC}") = "WebCV", "WebCV\WebCV.csproj", "{5A144FC1-4497-40FB-A661-6D62712241E2}"
EndProject
Project("{FAE04EC0-301F-11D3-BF4B-00C04F79EFBC}") = "Common", "Common\Common.csproj", "{AA4EEDA1-6CB3-47E2-BE0E-18FB154E4F6B}"
EndProject
Global
	GlobalSection(SolutionConfigurationPlatforms) = preSolution
		Debug|Any CPU = Debug|Any CPU
		Release|Any CPU = Release|Any CPU
	EndGlobalSection
	GlobalSection(ProjectConfigurationPlatforms) = postSolution
		{5A144FC1-4497-40FB-A661-6D62712241E2}.Debug|Any CPU.ActiveCfg = Debug|Any CPU
		{5A144FC1-4497-40FB-A661-6D62712241E2}.Debug|Any CPU.Build.0 = Debug|Any CPU
		{5A144FC1-4497-40FB-A661-6D62712241E2}.Release|Any CPU.ActiveCfg = Release|Any CPU
		{5A144FC1-4497-40FB-A661-6D62712241E2}.Release|Any CPU.Build.0 = Release|Any CPU
		{AA4EEDA1-6CB3-47E2-BE0E-18FB154E4F6B}.Debug|Any CPU.ActiveCfg = Debug|Any CPU
		{AA4EEDA1-6CB3-47E2-BE0E-18FB154E4F6B}.Debug|Any CPU.Build.0 = Debug|Any CPU
		{AA4EEDA1-6CB3-47E2-BE0E-18FB154E4F6B}.Release|Any CPU.ActiveCfg = Release|Any CPU
		{AA4EEDA1-6CB3-47E2-BE0E-18FB154E4F6B}.Release|Any CPU.Build.0 = Release|Any CPU
	EndGlobalSection
	GlobalSection(SolutionProperties) = preSolution
		HideSolutionNode = FALSE
	EndGlobalSection
EndGlobal
