
Microsoft Visual Studio Solution File, Format Version 12.00
# Visual Studio 15
VisualStudioVersion = 15.0.26403.7
MinimumVisualStudioVersion = 10.0.40219.1
Project("{E24C65DC-7377-472B-9ABA-BC803B73C61A}") = "WebCV1", "..\..\WebSites\WebCV1\", "{E3532B32-B9CF-490A-8CA4-C60712F4382C}"
	ProjectSection(WebsiteProperties) = preProject
		TargetFrameworkMoniker = ".NETFramework,Version%3Dv4.5.2"
		Debug.AspNetCompiler.VirtualPath = "/localhost_61494"
		Debug.AspNetCompiler.PhysicalPath = "..\..\WebSites\WebCV1\"
		Debug.AspNetCompiler.TargetPath = "PrecompiledWeb\localhost_61494\"
		Debug.AspNetCompiler.Updateable = "true"
		Debug.AspNetCompiler.ForceOverwrite = "true"
		Debug.AspNetCompiler.FixedNames = "false"
		Debug.AspNetCompiler.Debug = "True"
		Release.AspNetCompiler.VirtualPath = "/localhost_61494"
		Release.AspNetCompiler.PhysicalPath = "..\..\WebSites\WebCV1\"
		Release.AspNetCompiler.TargetPath = "PrecompiledWeb\localhost_61494\"
		Release.AspNetCompiler.Updateable = "true"
		Release.AspNetCompiler.ForceOverwrite = "true"
		Release.AspNetCompiler.FixedNames = "false"
		Release.AspNetCompiler.Debug = "False"
		VWDPort = "61494"
		SlnRelativePath = "..\..\WebSites\WebCV1\"
		DefaultWebSiteLanguage = "Visual C#"
	EndProjectSection
EndProject
Global
	GlobalSection(SolutionConfigurationPlatforms) = preSolution
		Debug|Any CPU = Debug|Any CPU
	EndGlobalSection
	GlobalSection(ProjectConfigurationPlatforms) = postSolution
		{E3532B32-B9CF-490A-8CA4-C60712F4382C}.Debug|Any CPU.ActiveCfg = Debug|Any CPU
		{E3532B32-B9CF-490A-8CA4-C60712F4382C}.Debug|Any CPU.Build.0 = Debug|Any CPU
	EndGlobalSection
	GlobalSection(SolutionProperties) = preSolution
		HideSolutionNode = FALSE
	EndGlobalSection
EndGlobal
